<?xml version="1.0" encoding="utf-8"?>
<Project ToolsVersion="4.0" xmlns="http://schemas.microsoft.com/developer/msbuild/2003">
  <ItemGroup>
    <Filter Include="Source Files">
      <UniqueIdentifier>{3d88f1a7-2125-4fac-8954-1a9905f295f8}</UniqueIdentifier>
      <Extensions>cpp;c;cxx;rc;def;r;odl;idl;hpj;bat</Extensions>
    </Filter>
    <Filter Include="Header Files">
      <UniqueIdentifier>{592e7d81-cb15-4500-adc9-f845cc69c9a2}</UniqueIdentifier>
      <Extensions>h;hpp;hxx;hm;inl</Extensions>
    </Filter>
    <Filter Include="Resource Files">
      <UniqueIdentifier>{cd7ba4ab-a1e9-455a-bbeb-06e97374260d}</UniqueIdentifier>
      <Extensions>ico;cur;bmp;dlg;rc2;rct;bin;rgs;gif;jpg;jpeg;jpe</Extensions>
    </Filter>
  </ItemGroup>
  <ItemGroup>
    <ClCompile Include="ButtonClr.cpp">
      <Filter>Source Files</Filter>
    </ClCompile>
    <ClCompile Include="Charactor.cpp">
      <Filter>Source Files</Filter>
    </ClCompile>
    <ClCompile Include="Curve.cpp">
      <Filter>Source Files</Filter>
    </ClCompile>
    <ClCompile Include="DispSet.cpp">
      <Filter>Source Files</Filter>
    </ClCompile>
    <ClCompile Include="DlgAboutGm.cpp">
      <Filter>Source Files</Filter>
    </ClCompile>
    <ClCompile Include="DlgMacPara.cpp">
      <Filter>Source Files</Filter>
    </ClCompile>
    <ClCompile Include="DlgProtectPara.cpp">
      <Filter>Source Files</Filter>
    </ClCompile>
    <ClCompile Include="DlgRegInfo.cpp">
      <Filter>Source Files</Filter>
    </ClCompile>
    <ClCompile Include="DlgSetClr.cpp">
      <Filter>Source Files</Filter>
    </ClCompile>
    <ClCompile Include="DlgSetDir.cpp">
      <Filter>Source Files</Filter>
    </ClCompile>
    <ClCompile Include="DlgSuperUser.cpp">
      <Filter>Source Files</Filter>
    </ClCompile>
    <ClCompile Include="Global.cpp">
      <Filter>Source Files</Filter>
    </ClCompile>
    <ClCompile Include="HP45_SpACtrl.cpp">
      <Filter>Source Files</Filter>
    </ClCompile>
    <ClCompile Include="HP45_SpBCtrl.cpp">
      <Filter>Source Files</Filter>
    </ClCompile>
    <ClCompile Include="HpglFile.cpp">
      <Filter>Source Files</Filter>
    </ClCompile>
    <ClCompile Include="HyperLink.cpp">
      <Filter>Source Files</Filter>
    </ClCompile>
    <ClCompile Include="IUT308_SpACtrl.cpp">
      <Filter>Source Files</Filter>
    </ClCompile>
    <ClCompile Include="IUT308_SpBCtrl.cpp">
      <Filter>Source Files</Filter>
    </ClCompile>
    <ClCompile Include="MainFrm.cpp">
      <Filter>Source Files</Filter>
    </ClCompile>
    <ClCompile Include="MyDlgBar.cpp">
      <Filter>Source Files</Filter>
    </ClCompile>
    <ClCompile Include="MyListView.cpp">
      <Filter>Source Files</Filter>
    </ClCompile>
    <ClCompile Include="MyReg.cpp">
      <Filter>Source Files</Filter>
    </ClCompile>
    <ClCompile Include="MyUSB.cpp">
      <Filter>Source Files</Filter>
    </ClCompile>
    <ClCompile Include="OnePage.cpp">
      <Filter>Source Files</Filter>
    </ClCompile>
    <ClCompile Include="SpCutter.cpp">
      <Filter>Source Files</Filter>
    </ClCompile>
    <ClCompile Include="SpCutterDoc.cpp">
      <Filter>Source Files</Filter>
    </ClCompile>
    <ClCompile Include="SpCutterView.cpp">
      <Filter>Source Files</Filter>
    </ClCompile>
    <ClCompile Include="StdAfx.cpp">
      <Filter>Source Files</Filter>
    </ClCompile>
    <ClCompile Include="T_Cut.cpp">
      <Filter>Source Files</Filter>
    </ClCompile>
    <ClCompile Include="T_Plot.cpp">
      <Filter>Source Files</Filter>
    </ClCompile>
    <ClCompile Include="Thread.cpp">
      <Filter>Source Files</Filter>
    </ClCompile>
    <ClCompile Include="ThreadAutoConnect.cpp">
      <Filter>Source Files</Filter>
    </ClCompile>
    <ClCompile Include="ThreadTimeDetect.cpp">
      <Filter>Source Files</Filter>
    </ClCompile>
    <ClCompile Include="BtnST.cpp">
      <Filter>Source Files</Filter>
    </ClCompile>
    <ClCompile Include="BCMenu.cpp">
      <Filter>Source Files</Filter>
    </ClCompile>
    <ClCompile Include="Settings.cpp">
      <Filter>Source Files</Filter>
    </ClCompile>
    <ClCompile Include="DlgPwdInput.cpp">
      <Filter>Source Files</Filter>
    </ClCompile>
    <ClCompile Include="MyCommu.cpp">
      <Filter>Source Files</Filter>
    </ClCompile>
    <ClCompile Include="MyEth.cpp">
      <Filter>Source Files</Filter>
    </ClCompile>
  </ItemGroup>
  <ItemGroup>
    <ResourceCompile Include="SpCutter.rc">
      <Filter>Source Files</Filter>
    </ResourceCompile>
  </ItemGroup>
  <ItemGroup>
    <ClInclude Include="ButtonClr.h">
      <Filter>Header Files</Filter>
    </ClInclude>
    <ClInclude Include="Charactor.h">
      <Filter>Header Files</Filter>
    </ClInclude>
    <ClInclude Include="Curve.h">
      <Filter>Header Files</Filter>
    </ClInclude>
    <ClInclude Include="DispSet.h">
      <Filter>Header Files</Filter>
    </ClInclude>
    <ClInclude Include="DlgAboutGm.h">
      <Filter>Header Files</Filter>
    </ClInclude>
    <ClInclude Include="DlgMacPara.h">
      <Filter>Header Files</Filter>
    </ClInclude>
    <ClInclude Include="DlgProtectPara.h">
      <Filter>Header Files</Filter>
    </ClInclude>
    <ClInclude Include="DlgRegInfo.h">
      <Filter>Header Files</Filter>
    </ClInclude>
    <ClInclude Include="DlgSetClr.h">
      <Filter>Header Files</Filter>
    </ClInclude>
    <ClInclude Include="DlgSetDir.h">
      <Filter>Header Files</Filter>
    </ClInclude>
    <ClInclude Include="DlgSuperUser.h">
      <Filter>Header Files</Filter>
    </ClInclude>
    <ClInclude Include="EthInfo.h">
      <Filter>Header Files</Filter>
    </ClInclude>
    <ClInclude Include="Global.h">
      <Filter>Header Files</Filter>
    </ClInclude>
    <ClInclude Include="GlobalDef.h">
      <Filter>Header Files</Filter>
    </ClInclude>
    <ClInclude Include="HpglFile.h">
      <Filter>Header Files</Filter>
    </ClInclude>
    <ClInclude Include="HyperLink.h">
      <Filter>Header Files</Filter>
    </ClInclude>
    <ClInclude Include="MainFrm.h">
      <Filter>Header Files</Filter>
    </ClInclude>
    <ClInclude Include="MyDlgBar.h">
      <Filter>Header Files</Filter>
    </ClInclude>
    <ClInclude Include="MyListView.h">
      <Filter>Header Files</Filter>
    </ClInclude>
    <ClInclude Include="MyReg.h">
      <Filter>Header Files</Filter>
    </ClInclude>
    <ClInclude Include="MyUSB.h">
      <Filter>Header Files</Filter>
    </ClInclude>
    <ClInclude Include="OnePage.h">
      <Filter>Header Files</Filter>
    </ClInclude>
    <ClInclude Include="Resource.h">
      <Filter>Header Files</Filter>
    </ClInclude>
    <ClInclude Include="SpCutter.h">
      <Filter>Header Files</Filter>
    </ClInclude>
    <ClInclude Include="SpCutterDoc.h">
      <Filter>Header Files</Filter>
    </ClInclude>
    <ClInclude Include="SpCutterView.h">
      <Filter>Header Files</Filter>
    </ClInclude>
    <ClInclude Include="StdAfx.h">
      <Filter>Header Files</Filter>
    </ClInclude>
    <ClInclude Include="Thread.h">
      <Filter>Header Files</Filter>
    </ClInclude>
    <ClInclude Include="zh_cmd_def.h">
      <Filter>Header Files</Filter>
    </ClInclude>
    <ClInclude Include="BtnST.h">
      <Filter>Header Files</Filter>
    </ClInclude>
    <ClInclude Include="BCMenu.h">
      <Filter>Header Files</Filter>
    </ClInclude>
    <ClInclude Include="Settings.h">
      <Filter>Header Files</Filter>
    </ClInclude>
    <ClInclude Include="DlgPwdInput.h">
      <Filter>Header Files</Filter>
    </ClInclude>
    <ClInclude Include="MyCommu.h">
      <Filter>Header Files</Filter>
    </ClInclude>
    <ClInclude Include="MyEth.h">
      <Filter>Header Files</Filter>
    </ClInclude>
  </ItemGroup>
  <ItemGroup>
    <CustomBuild Include="res\ALLICO.ico">
      <Filter>Resource Files</Filter>
    </CustomBuild>
    <CustomBuild Include="res\fon_en.bin">
      <Filter>Resource Files</Filter>
    </CustomBuild>
    <CustomBuild Include="res\fon_hz.bin">
      <Filter>Resource Files</Filter>
    </CustomBuild>
    <CustomBuild Include="res\GMICO.ico">
      <Filter>Resource Files</Filter>
    </CustomBuild>
    <CustomBuild Include="res\SpCutter.ico">
      <Filter>Resource Files</Filter>
    </CustomBuild>
    <CustomBuild Include="res\SpCutter.rc2">
      <Filter>Resource Files</Filter>
    </CustomBuild>
    <CustomBuild Include="res\SpCutterDoc.ico">
      <Filter>Resource Files</Filter>
    </CustomBuild>
    <CustomBuild Include="res\toolbar1.bmp">
      <Filter>Resource Files</Filter>
    </CustomBuild>
    <CustomBuild Include="res\Xn1.ico">
      <Filter>Resource Files</Filter>
    </CustomBuild>
    <CustomBuild Include="res\Xn2.ico">
      <Filter>Resource Files</Filter>
    </CustomBuild>
    <CustomBuild Include="res\Xp1.ico">
      <Filter>Resource Files</Filter>
    </CustomBuild>
    <CustomBuild Include="res\Xp2.ico">
      <Filter>Resource Files</Filter>
    </CustomBuild>
    <CustomBuild Include="res\Yn1.ico">
      <Filter>Resource Files</Filter>
    </CustomBuild>
    <CustomBuild Include="res\Yn2.ico">
      <Filter>Resource Files</Filter>
    </CustomBuild>
    <CustomBuild Include="res\Yp1.ico">
      <Filter>Resource Files</Filter>
    </CustomBuild>
    <CustomBuild Include="res\Yp2.ico">
      <Filter>Resource Files</Filter>
    </CustomBuild>
    <CustomBuild Include="res\yp4.ico">
      <Filter>Resource Files</Filter>
    </CustomBuild>
    <CustomBuild Include="ReadMe.txt" />
  </ItemGroup>
  <ItemGroup>
    <Image Include="res\IconDown.ico">
      <Filter>Resource Files</Filter>
    </Image>
    <Image Include="res\IconLeft.ico">
      <Filter>Resource Files</Filter>
    </Image>
    <Image Include="res\IconRight.ico">
      <Filter>Resource Files</Filter>
    </Image>
    <Image Include="res\IconUp.ico">
      <Filter>Resource Files</Filter>
    </Image>
    <Image Include="res\IconSpClean.ico">
      <Filter>Resource Files</Filter>
    </Image>
    <Image Include="res\IconWorkCancel.ico">
      <Filter>Resource Files</Filter>
    </Image>
    <Image Include="res\IconWorkPause.ico">
      <Filter>Resource Files</Filter>
    </Image>
    <Image Include="res\IconWorkStart.ico">
      <Filter>Resource Files</Filter>
    </Image>
    <Image Include="res\IconZpSet.ico">
      <Filter>Resource Files</Filter>
    </Image>
    <Image Include="res\IconZpToDef.ico">
      <Filter>Resource Files</Filter>
    </Image>
  </ItemGroup>
</Project>